// !$*UTF8*$!
{
	archiveVersion = 1;
	classes = {
	};
	objectVersion = 55;
	objects = {

/* Begin PBXBuildFile section */
		33AACEA539DCC45D05259069 /* Pods_LandmarksTests.framework in Frameworks */ = {isa = PBXBuildFile; fileRef = 8AF903751345D81BC104AE2F /* Pods_LandmarksTests.framework */; };
		53216A3A7C6CB648C9884FBF /* Pods_Landmarks_LandmarksUITests.framework in Frameworks */ = {isa = PBXBuildFile; fileRef = C30C2E57BB1EB2F355526393 /* Pods_Landmarks_LandmarksUITests.framework */; };
		A11EE465282C9F4900D3CBA1 /* Auth0.plist in Resources */ = {isa = PBXBuildFile; fileRef = A11EE464282C9F4900D3CBA1 /* Auth0.plist */; };
		A11EE468282CBF6300D3CBA1 /* Log.swift in Sources */ = {isa = PBXBuildFile; fileRef = A11EE467282CBF6300D3CBA1 /* Log.swift */; };
		A11EE46A282D52E000D3CBA1 /* PurpleButton.swift in Sources */ = {isa = PBXBuildFile; fileRef = A11EE469282D52E000D3CBA1 /* PurpleButton.swift */; };
		A12D06172828744000C4B011 /* Lottie in Frameworks */ = {isa = PBXBuildFile; productRef = A12D06162828744000C4B011 /* Lottie */; };
		A12D061B2828752600C4B011 /* LottieView.swift in Sources */ = {isa = PBXBuildFile; fileRef = A12D061A2828752600C4B011 /* LottieView.swift */; };
		A12D061E28288CA300C4B011 /* home.json in Resources */ = {isa = PBXBuildFile; fileRef = A12D061D28288CA300C4B011 /* home.json */; };
		A13522B1282C6ACB008E8E93 /* loadingSquares.json in Resources */ = {isa = PBXBuildFile; fileRef = A13522B0282C6ACB008E8E93 /* loadingSquares.json */; };
		A152319B282B4DF200A31645 /* Property.swift in Sources */ = {isa = PBXBuildFile; fileRef = A152319A282B4DF200A31645 /* Property.swift */; };
		A15231A3282B7CBE00A31645 /* PropertyDetail.swift in Sources */ = {isa = PBXBuildFile; fileRef = A15231A0282B7CBE00A31645 /* PropertyDetail.swift */; };
		A15231A4282B7CBE00A31645 /* PropertyList.swift in Sources */ = {isa = PBXBuildFile; fileRef = A15231A1282B7CBE00A31645 /* PropertyList.swift */; };
		A15231A5282B7CBE00A31645 /* PropertyRow.swift in Sources */ = {isa = PBXBuildFile; fileRef = A15231A2282B7CBE00A31645 /* PropertyRow.swift */; };
		A15231A9282B833C00A31645 /* propertyData.json in Resources */ = {isa = PBXBuildFile; fileRef = A15231A8282B833C00A31645 /* propertyData.json */; };
		A18CDA3828276CE4009F203E /* LandmarksApp.swift in Sources */ = {isa = PBXBuildFile; fileRef = A18CDA3728276CE4009F203E /* LandmarksApp.swift */; };
		A18CDA3A28276CE4009F203E /* ContentView.swift in Sources */ = {isa = PBXBuildFile; fileRef = A18CDA3928276CE4009F203E /* ContentView.swift */; };
		A18CDA3C28276CE6009F203E /* Assets.xcassets in Resources */ = {isa = PBXBuildFile; fileRef = A18CDA3B28276CE6009F203E /* Assets.xcassets */; };
		A18CDA3F28276CE6009F203E /* Preview Assets.xcassets in Resources */ = {isa = PBXBuildFile; fileRef = A18CDA3E28276CE6009F203E /* Preview Assets.xcassets */; };
		A18CDA4928276CE6009F203E /* LandmarksTests.swift in Sources */ = {isa = PBXBuildFile; fileRef = A18CDA4828276CE6009F203E /* LandmarksTests.swift */; };
		A18CDA5328276CE6009F203E /* LandmarksUITests.swift in Sources */ = {isa = PBXBuildFile; fileRef = A18CDA5228276CE6009F203E /* LandmarksUITests.swift */; };
		A18CDA5528276CE6009F203E /* LandmarksUITestsLaunchTests.swift in Sources */ = {isa = PBXBuildFile; fileRef = A18CDA5428276CE6009F203E /* LandmarksUITestsLaunchTests.swift */; };
		A18CDA6228279939009F203E /* CircleImage.swift in Sources */ = {isa = PBXBuildFile; fileRef = A18CDA6128279939009F203E /* CircleImage.swift */; };
		A18CDA662827D86D009F203E /* landmarkData.json in Resources */ = {isa = PBXBuildFile; fileRef = A18CDA652827D86D009F203E /* landmarkData.json */; };
		A18CDA6A2827E0C2009F203E /* ModelData.swift in Sources */ = {isa = PBXBuildFile; fileRef = A18CDA692827E0C2009F203E /* ModelData.swift */; };
		E241330BC34700924576FD5E /* Pods_Landmarks.framework in Frameworks */ = {isa = PBXBuildFile; fileRef = 53FEA7E3C3247FFE0AE137C7 /* Pods_Landmarks.framework */; };
/* End PBXBuildFile section */

/* Begin PBXContainerItemProxy section */
		A18CDA4528276CE6009F203E /* PBXContainerItemProxy */ = {
			isa = PBXContainerItemProxy;
			containerPortal = A18CDA2C28276CE4009F203E /* Project object */;
			proxyType = 1;
			remoteGlobalIDString = A18CDA3328276CE4009F203E;
			remoteInfo = Landmarks;
		};
		A18CDA4F28276CE6009F203E /* PBXContainerItemProxy */ = {
			isa = PBXContainerItemProxy;
			containerPortal = A18CDA2C28276CE4009F203E /* Project object */;
			proxyType = 1;
			remoteGlobalIDString = A18CDA3328276CE4009F203E;
			remoteInfo = Landmarks;
		};
/* End PBXContainerItemProxy section */

/* Begin PBXFileReference section */
		140FEF09C230BE64E230D651 /* Pods-Landmarks-LandmarksUITests.debug.xcconfig */ = {isa = PBXFileReference; includeInIndex = 1; lastKnownFileType = text.xcconfig; name = "Pods-Landmarks-LandmarksUITests.debug.xcconfig"; path = "Target Support Files/Pods-Landmarks-LandmarksUITests/Pods-Landmarks-LandmarksUITests.debug.xcconfig"; sourceTree = "<group>"; };
		14280E077B638DC26F6D237B /* Pods-Landmarks.debug.xcconfig */ = {isa = PBXFileReference; includeInIndex = 1; lastKnownFileType = text.xcconfig; name = "Pods-Landmarks.debug.xcconfig"; path = "Target Support Files/Pods-Landmarks/Pods-Landmarks.debug.xcconfig"; sourceTree = "<group>"; };
		53FEA7E3C3247FFE0AE137C7 /* Pods_Landmarks.framework */ = {isa = PBXFileReference; explicitFileType = wrapper.framework; includeInIndex = 0; path = Pods_Landmarks.framework; sourceTree = BUILT_PRODUCTS_DIR; };
		6FE9E235D3765BB9C6DF3059 /* Pods-Landmarks-LandmarksUITests.release.xcconfig */ = {isa = PBXFileReference; includeInIndex = 1; lastKnownFileType = text.xcconfig; name = "Pods-Landmarks-LandmarksUITests.release.xcconfig"; path = "Target Support Files/Pods-Landmarks-LandmarksUITests/Pods-Landmarks-LandmarksUITests.release.xcconfig"; sourceTree = "<group>"; };
		84342A31A7F02D8BBDBEF5AF /* Pods-LandmarksTests.debug.xcconfig */ = {isa = PBXFileReference; includeInIndex = 1; lastKnownFileType = text.xcconfig; name = "Pods-LandmarksTests.debug.xcconfig"; path = "Target Support Files/Pods-LandmarksTests/Pods-LandmarksTests.debug.xcconfig"; sourceTree = "<group>"; };
		8AF903751345D81BC104AE2F /* Pods_LandmarksTests.framework */ = {isa = PBXFileReference; explicitFileType = wrapper.framework; includeInIndex = 0; path = Pods_LandmarksTests.framework; sourceTree = BUILT_PRODUCTS_DIR; };
		A11EE464282C9F4900D3CBA1 /* Auth0.plist */ = {isa = PBXFileReference; lastKnownFileType = text.plist.xml; path = Auth0.plist; sourceTree = "<group>"; };
		A11EE467282CBF6300D3CBA1 /* Log.swift */ = {isa = PBXFileReference; lastKnownFileType = sourcecode.swift; path = Log.swift; sourceTree = "<group>"; };
		A11EE469282D52E000D3CBA1 /* PurpleButton.swift */ = {isa = PBXFileReference; lastKnownFileType = sourcecode.swift; path = PurpleButton.swift; sourceTree = "<group>"; };
		A12D061A2828752600C4B011 /* LottieView.swift */ = {isa = PBXFileReference; lastKnownFileType = sourcecode.swift; path = LottieView.swift; sourceTree = "<group>"; };
		A12D061D28288CA300C4B011 /* home.json */ = {isa = PBXFileReference; fileEncoding = 4; lastKnownFileType = text.json; path = home.json; sourceTree = "<group>"; };
		A13522B0282C6ACB008E8E93 /* loadingSquares.json */ = {isa = PBXFileReference; fileEncoding = 4; lastKnownFileType = text.json; path = loadingSquares.json; sourceTree = "<group>"; };
		A1523198282B454200A31645 /* Landmarks.entitlements */ = {isa = PBXFileReference; lastKnownFileType = text.plist.entitlements; path = Landmarks.entitlements; sourceTree = "<group>"; };
		A152319A282B4DF200A31645 /* Property.swift */ = {isa = PBXFileReference; lastKnownFileType = sourcecode.swift; path = Property.swift; sourceTree = "<group>"; };
		A15231A0282B7CBE00A31645 /* PropertyDetail.swift */ = {isa = PBXFileReference; fileEncoding = 4; lastKnownFileType = sourcecode.swift; path = PropertyDetail.swift; sourceTree = "<group>"; };
		A15231A1282B7CBE00A31645 /* PropertyList.swift */ = {isa = PBXFileReference; fileEncoding = 4; lastKnownFileType = sourcecode.swift; path = PropertyList.swift; sourceTree = "<group>"; };
		A15231A2282B7CBE00A31645 /* PropertyRow.swift */ = {isa = PBXFileReference; fileEncoding = 4; lastKnownFileType = sourcecode.swift; path = PropertyRow.swift; sourceTree = "<group>"; };
		A15231A8282B833C00A31645 /* propertyData.json */ = {isa = PBXFileReference; fileEncoding = 4; lastKnownFileType = text.json; path = propertyData.json; sourceTree = "<group>"; };
		A18CDA3428276CE4009F203E /* Landmarks.app */ = {isa = PBXFileReference; explicitFileType = wrapper.application; includeInIndex = 0; path = Landmarks.app; sourceTree = BUILT_PRODUCTS_DIR; };
		A18CDA3728276CE4009F203E /* LandmarksApp.swift */ = {isa = PBXFileReference; lastKnownFileType = sourcecode.swift; path = LandmarksApp.swift; sourceTree = "<group>"; };
		A18CDA3928276CE4009F203E /* ContentView.swift */ = {isa = PBXFileReference; lastKnownFileType = sourcecode.swift; path = ContentView.swift; sourceTree = "<group>"; };
		A18CDA3B28276CE6009F203E /* Assets.xcassets */ = {isa = PBXFileReference; lastKnownFileType = folder.assetcatalog; path = Assets.xcassets; sourceTree = "<group>"; };
		A18CDA3E28276CE6009F203E /* Preview Assets.xcassets */ = {isa = PBXFileReference; lastKnownFileType = folder.assetcatalog; path = "Preview Assets.xcassets"; sourceTree = "<group>"; };
		A18CDA4428276CE6009F203E /* LandmarksTests.xctest */ = {isa = PBXFileReference; explicitFileType = wrapper.cfbundle; includeInIndex = 0; path = LandmarksTests.xctest; sourceTree = BUILT_PRODUCTS_DIR; };
		A18CDA4828276CE6009F203E /* LandmarksTests.swift */ = {isa = PBXFileReference; lastKnownFileType = sourcecode.swift; path = LandmarksTests.swift; sourceTree = "<group>"; };
		A18CDA4E28276CE6009F203E /* LandmarksUITests.xctest */ = {isa = PBXFileReference; explicitFileType = wrapper.cfbundle; includeInIndex = 0; path = LandmarksUITests.xctest; sourceTree = BUILT_PRODUCTS_DIR; };
		A18CDA5228276CE6009F203E /* LandmarksUITests.swift */ = {isa = PBXFileReference; lastKnownFileType = sourcecode.swift; path = LandmarksUITests.swift; sourceTree = "<group>"; };
		A18CDA5428276CE6009F203E /* LandmarksUITestsLaunchTests.swift */ = {isa = PBXFileReference; lastKnownFileType = sourcecode.swift; path = LandmarksUITestsLaunchTests.swift; sourceTree = "<group>"; };
		A18CDA6128279939009F203E /* CircleImage.swift */ = {isa = PBXFileReference; lastKnownFileType = sourcecode.swift; path = CircleImage.swift; sourceTree = "<group>"; };
		A18CDA652827D86D009F203E /* landmarkData.json */ = {isa = PBXFileReference; fileEncoding = 4; lastKnownFileType = text.json; path = landmarkData.json; sourceTree = "<group>"; };
		A18CDA692827E0C2009F203E /* ModelData.swift */ = {isa = PBXFileReference; lastKnownFileType = sourcecode.swift; path = ModelData.swift; sourceTree = "<group>"; };
		C30C2E57BB1EB2F355526393 /* Pods_Landmarks_LandmarksUITests.framework */ = {isa = PBXFileReference; explicitFileType = wrapper.framework; includeInIndex = 0; path = Pods_Landmarks_LandmarksUITests.framework; sourceTree = BUILT_PRODUCTS_DIR; };
		D3D966BB07E854DDB897B781 /* Pods-LandmarksTests.release.xcconfig */ = {isa = PBXFileReference; includeInIndex = 1; lastKnownFileType = text.xcconfig; name = "Pods-LandmarksTests.release.xcconfig"; path = "Target Support Files/Pods-LandmarksTests/Pods-LandmarksTests.release.xcconfig"; sourceTree = "<group>"; };
		EEE6DCE20213434E4729C61B /* Pods-Landmarks.release.xcconfig */ = {isa = PBXFileReference; includeInIndex = 1; lastKnownFileType = text.xcconfig; name = "Pods-Landmarks.release.xcconfig"; path = "Target Support Files/Pods-Landmarks/Pods-Landmarks.release.xcconfig"; sourceTree = "<group>"; };
/* End PBXFileReference section */

/* Begin PBXFrameworksBuildPhase section */
		A18CDA3128276CE4009F203E /* Frameworks */ = {
			isa = PBXFrameworksBuildPhase;
			buildActionMask = 2147483647;
			files = (
				A12D06172828744000C4B011 /* Lottie in Frameworks */,
				E241330BC34700924576FD5E /* Pods_Landmarks.framework in Frameworks */,
			);
			runOnlyForDeploymentPostprocessing = 0;
		};
		A18CDA4128276CE6009F203E /* Frameworks */ = {
			isa = PBXFrameworksBuildPhase;
			buildActionMask = 2147483647;
			files = (
				33AACEA539DCC45D05259069 /* Pods_LandmarksTests.framework in Frameworks */,
			);
			runOnlyForDeploymentPostprocessing = 0;
		};
		A18CDA4B28276CE6009F203E /* Frameworks */ = {
			isa = PBXFrameworksBuildPhase;
			buildActionMask = 2147483647;
			files = (
				53216A3A7C6CB648C9884FBF /* Pods_Landmarks_LandmarksUITests.framework in Frameworks */,
			);
			runOnlyForDeploymentPostprocessing = 0;
		};
/* End PBXFrameworksBuildPhase section */

/* Begin PBXGroup section */
		00ABCED9C87CA64F42FA103F /* Frameworks */ = {
			isa = PBXGroup;
			children = (
				53FEA7E3C3247FFE0AE137C7 /* Pods_Landmarks.framework */,
				C30C2E57BB1EB2F355526393 /* Pods_Landmarks_LandmarksUITests.framework */,
				8AF903751345D81BC104AE2F /* Pods_LandmarksTests.framework */,
			);
			name = Frameworks;
			sourceTree = "<group>";
		};
		27EBA0743FD478CA515D5488 /* Pods */ = {
			isa = PBXGroup;
			children = (
				14280E077B638DC26F6D237B /* Pods-Landmarks.debug.xcconfig */,
				EEE6DCE20213434E4729C61B /* Pods-Landmarks.release.xcconfig */,
				140FEF09C230BE64E230D651 /* Pods-Landmarks-LandmarksUITests.debug.xcconfig */,
				6FE9E235D3765BB9C6DF3059 /* Pods-Landmarks-LandmarksUITests.release.xcconfig */,
				84342A31A7F02D8BBDBEF5AF /* Pods-LandmarksTests.debug.xcconfig */,
				D3D966BB07E854DDB897B781 /* Pods-LandmarksTests.release.xcconfig */,
			);
			path = Pods;
			sourceTree = "<group>";
		};
		A11EE466282CBF1400D3CBA1 /* Util */ = {
			isa = PBXGroup;
			children = (
				A11EE467282CBF6300D3CBA1 /* Log.swift */,
			);
			path = Util;
			sourceTree = "<group>";
		};
		A12D061C28288AB800C4B011 /* Lottie */ = {
			isa = PBXGroup;
			children = (
				A12D061D28288CA300C4B011 /* home.json */,
				A13522B0282C6ACB008E8E93 /* loadingSquares.json */,
			);
			path = Lottie;
			sourceTree = "<group>";
		};
		A18CDA2B28276CE4009F203E = {
			isa = PBXGroup;
			children = (
				A11EE464282C9F4900D3CBA1 /* Auth0.plist */,
				A12D061C28288AB800C4B011 /* Lottie */,
				A18CDA3628276CE4009F203E /* Landmarks */,
				A18CDA4728276CE6009F203E /* LandmarksTests */,
				A18CDA5128276CE6009F203E /* LandmarksUITests */,
				A18CDA3528276CE4009F203E /* Products */,
				27EBA0743FD478CA515D5488 /* Pods */,
				00ABCED9C87CA64F42FA103F /* Frameworks */,
			);
			sourceTree = "<group>";
		};
		A18CDA3528276CE4009F203E /* Products */ = {
			isa = PBXGroup;
			children = (
				A18CDA3428276CE4009F203E /* Landmarks.app */,
				A18CDA4428276CE6009F203E /* LandmarksTests.xctest */,
				A18CDA4E28276CE6009F203E /* LandmarksUITests.xctest */,
			);
			name = Products;
			sourceTree = "<group>";
		};
		A18CDA3628276CE4009F203E /* Landmarks */ = {
			isa = PBXGroup;
			children = (
				A11EE466282CBF1400D3CBA1 /* Util */,
				A1523198282B454200A31645 /* Landmarks.entitlements */,
				A18CDA6D2827E33A009F203E /* Resources */,
				A18CDA6C2827E2AA009F203E /* Model */,
				A18CDA6B2827E29E009F203E /* Views */,
				A18CDA3728276CE4009F203E /* LandmarksApp.swift */,
				A18CDA3B28276CE6009F203E /* Assets.xcassets */,
				A18CDA3D28276CE6009F203E /* Preview Content */,
			);
			path = Landmarks;
			sourceTree = "<group>";
		};
		A18CDA3D28276CE6009F203E /* Preview Content */ = {
			isa = PBXGroup;
			children = (
				A18CDA3E28276CE6009F203E /* Preview Assets.xcassets */,
			);
			path = "Preview Content";
			sourceTree = "<group>";
		};
		A18CDA4728276CE6009F203E /* LandmarksTests */ = {
			isa = PBXGroup;
			children = (
				A18CDA4828276CE6009F203E /* LandmarksTests.swift */,
			);
			path = LandmarksTests;
			sourceTree = "<group>";
		};
		A18CDA5128276CE6009F203E /* LandmarksUITests */ = {
			isa = PBXGroup;
			children = (
				A18CDA5228276CE6009F203E /* LandmarksUITests.swift */,
				A18CDA5428276CE6009F203E /* LandmarksUITestsLaunchTests.swift */,
			);
			path = LandmarksUITests;
			sourceTree = "<group>";
		};
		A18CDA6B2827E29E009F203E /* Views */ = {
			isa = PBXGroup;
			children = (
				A15231A0282B7CBE00A31645 /* PropertyDetail.swift */,
				A15231A1282B7CBE00A31645 /* PropertyList.swift */,
				A15231A2282B7CBE00A31645 /* PropertyRow.swift */,
				A18CDA6128279939009F203E /* CircleImage.swift */,
				A18CDA3928276CE4009F203E /* ContentView.swift */,
				A12D061A2828752600C4B011 /* LottieView.swift */,
				A11EE469282D52E000D3CBA1 /* PurpleButton.swift */,
			);
			path = Views;
			sourceTree = "<group>";
		};
		A18CDA6C2827E2AA009F203E /* Model */ = {
			isa = PBXGroup;
			children = (
				A152319A282B4DF200A31645 /* Property.swift */,
				A18CDA692827E0C2009F203E /* ModelData.swift */,
			);
			path = Model;
			sourceTree = "<group>";
		};
		A18CDA6D2827E33A009F203E /* Resources */ = {
			isa = PBXGroup;
			children = (
				A18CDA652827D86D009F203E /* landmarkData.json */,
				A15231A8282B833C00A31645 /* propertyData.json */,
			);
			path = Resources;
			sourceTree = "<group>";
		};
/* End PBXGroup section */

/* Begin PBXNativeTarget section */
		A18CDA3328276CE4009F203E /* Landmarks */ = {
			isa = PBXNativeTarget;
			buildConfigurationList = A18CDA5828276CE6009F203E /* Build configuration list for PBXNativeTarget "Landmarks" */;
			buildPhases = (
				9FE417B8E3E7389BBAD34C92 /* [CP] Check Pods Manifest.lock */,
				A18CDA3028276CE4009F203E /* Sources */,
				A18CDA3128276CE4009F203E /* Frameworks */,
				A18CDA3228276CE4009F203E /* Resources */,
				6DC6642B0AA3AF89861E0633 /* [CP] Embed Pods Frameworks */,
			);
			buildRules = (
			);
			dependencies = (
			);
			name = Landmarks;
			packageProductDependencies = (
				A12D06162828744000C4B011 /* Lottie */,
			);
			productName = Landmarks;
			productReference = A18CDA3428276CE4009F203E /* Landmarks.app */;
			productType = "com.apple.product-type.application";
		};
		A18CDA4328276CE6009F203E /* LandmarksTests */ = {
			isa = PBXNativeTarget;
			buildConfigurationList = A18CDA5B28276CE6009F203E /* Build configuration list for PBXNativeTarget "LandmarksTests" */;
			buildPhases = (
				E05DA9A5ECB48D01AC741C6D /* [CP] Check Pods Manifest.lock */,
				A18CDA4028276CE6009F203E /* Sources */,
				A18CDA4128276CE6009F203E /* Frameworks */,
				A18CDA4228276CE6009F203E /* Resources */,
			);
			buildRules = (
			);
			dependencies = (
				A18CDA4628276CE6009F203E /* PBXTargetDependency */,
			);
			name = LandmarksTests;
			productName = LandmarksTests;
			productReference = A18CDA4428276CE6009F203E /* LandmarksTests.xctest */;
			productType = "com.apple.product-type.bundle.unit-test";
		};
		A18CDA4D28276CE6009F203E /* LandmarksUITests */ = {
			isa = PBXNativeTarget;
			buildConfigurationList = A18CDA5E28276CE6009F203E /* Build configuration list for PBXNativeTarget "LandmarksUITests" */;
			buildPhases = (
				A0118AC80E8AD89921F561EE /* [CP] Check Pods Manifest.lock */,
				A18CDA4A28276CE6009F203E /* Sources */,
				A18CDA4B28276CE6009F203E /* Frameworks */,
				A18CDA4C28276CE6009F203E /* Resources */,
				AC2F1FC3637138DB8B7E320D /* [CP] Embed Pods Frameworks */,
			);
			buildRules = (
			);
			dependencies = (
				A18CDA5028276CE6009F203E /* PBXTargetDependency */,
			);
			name = LandmarksUITests;
			productName = LandmarksUITests;
			productReference = A18CDA4E28276CE6009F203E /* LandmarksUITests.xctest */;
			productType = "com.apple.product-type.bundle.ui-testing";
		};
/* End PBXNativeTarget section */

/* Begin PBXProject section */
		A18CDA2C28276CE4009F203E /* Project object */ = {
			isa = PBXProject;
			attributes = {
				BuildIndependentTargetsInParallel = 1;
				LastSwiftUpdateCheck = 1330;
				LastUpgradeCheck = 1330;
				TargetAttributes = {
					A18CDA3328276CE4009F203E = {
						CreatedOnToolsVersion = 13.3.1;
					};
					A18CDA4328276CE6009F203E = {
						CreatedOnToolsVersion = 13.3.1;
						TestTargetID = A18CDA3328276CE4009F203E;
					};
					A18CDA4D28276CE6009F203E = {
						CreatedOnToolsVersion = 13.3.1;
						TestTargetID = A18CDA3328276CE4009F203E;
					};
				};
			};
			buildConfigurationList = A18CDA2F28276CE4009F203E /* Build configuration list for PBXProject "Landmarks" */;
			compatibilityVersion = "Xcode 13.0";
			developmentRegion = en;
			hasScannedForEncodings = 0;
			knownRegions = (
				en,
				Base,
			);
			mainGroup = A18CDA2B28276CE4009F203E;
			packageReferences = (
				A12D06152828744000C4B011 /* XCRemoteSwiftPackageReference "lottie-ios" */,
			);
			productRefGroup = A18CDA3528276CE4009F203E /* Products */;
			projectDirPath = "";
			projectRoot = "";
			targets = (
				A18CDA3328276CE4009F203E /* Landmarks */,
				A18CDA4328276CE6009F203E /* LandmarksTests */,
				A18CDA4D28276CE6009F203E /* LandmarksUITests */,
			);
		};
/* End PBXProject section */

/* Begin PBXResourcesBuildPhase section */
		A18CDA3228276CE4009F203E /* Resources */ = {
			isa = PBXResourcesBuildPhase;
			buildActionMask = 2147483647;
			files = (
				A12D061E28288CA300C4B011 /* home.json in Resources */,
				A13522B1282C6ACB008E8E93 /* loadingSquares.json in Resources */,
				A18CDA3F28276CE6009F203E /* Preview Assets.xcassets in Resources */,
				A15231A9282B833C00A31645 /* propertyData.json in Resources */,
				A18CDA3C28276CE6009F203E /* Assets.xcassets in Resources */,
				A18CDA662827D86D009F203E /* landmarkData.json in Resources */,
				A11EE465282C9F4900D3CBA1 /* Auth0.plist in Resources */,
			);
			runOnlyForDeploymentPostprocessing = 0;
		};
		A18CDA4228276CE6009F203E /* Resources */ = {
			isa = PBXResourcesBuildPhase;
			buildActionMask = 2147483647;
			files = (
			);
			runOnlyForDeploymentPostprocessing = 0;
		};
		A18CDA4C28276CE6009F203E /* Resources */ = {
			isa = PBXResourcesBuildPhase;
			buildActionMask = 2147483647;
			files = (
			);
			runOnlyForDeploymentPostprocessing = 0;
		};
/* End PBXResourcesBuildPhase section */

/* Begin PBXShellScriptBuildPhase section */
		6DC6642B0AA3AF89861E0633 /* [CP] Embed Pods Frameworks */ = {
			isa = PBXShellScriptBuildPhase;
			buildActionMask = 2147483647;
			files = (
			);
			inputFileListPaths = (
				"${PODS_ROOT}/Target Support Files/Pods-Landmarks/Pods-Landmarks-frameworks-${CONFIGURATION}-input-files.xcfilelist",
			);
			name = "[CP] Embed Pods Frameworks";
			outputFileListPaths = (
				"${PODS_ROOT}/Target Support Files/Pods-Landmarks/Pods-Landmarks-frameworks-${CONFIGURATION}-output-files.xcfilelist",
			);
			runOnlyForDeploymentPostprocessing = 0;
			shellPath = /bin/sh;
			shellScript = "\"${PODS_ROOT}/Target Support Files/Pods-Landmarks/Pods-Landmarks-frameworks.sh\"\n";
			showEnvVarsInLog = 0;
		};
		9FE417B8E3E7389BBAD34C92 /* [CP] Check Pods Manifest.lock */ = {
			isa = PBXShellScriptBuildPhase;
			buildActionMask = 2147483647;
			files = (
			);
			inputFileListPaths = (
			);
			inputPaths = (
				"${PODS_PODFILE_DIR_PATH}/Podfile.lock",
				"${PODS_ROOT}/Manifest.lock",
			);
			name = "[CP] Check Pods Manifest.lock";
			outputFileListPaths = (
			);
			outputPaths = (
				"$(DERIVED_FILE_DIR)/Pods-Landmarks-checkManifestLockResult.txt",
			);
			runOnlyForDeploymentPostprocessing = 0;
			shellPath = /bin/sh;
			shellScript = "diff \"${PODS_PODFILE_DIR_PATH}/Podfile.lock\" \"${PODS_ROOT}/Manifest.lock\" > /dev/null\nif [ $? != 0 ] ; then\n    # print error to STDERR\n    echo \"error: The sandbox is not in sync with the Podfile.lock. Run 'pod install' or update your CocoaPods installation.\" >&2\n    exit 1\nfi\n# This output is used by Xcode 'outputs' to avoid re-running this script phase.\necho \"SUCCESS\" > \"${SCRIPT_OUTPUT_FILE_0}\"\n";
			showEnvVarsInLog = 0;
		};
		A0118AC80E8AD89921F561EE /* [CP] Check Pods Manifest.lock */ = {
			isa = PBXShellScriptBuildPhase;
			buildActionMask = 2147483647;
			files = (
			);
			inputFileListPaths = (
			);
			inputPaths = (
				"${PODS_PODFILE_DIR_PATH}/Podfile.lock",
				"${PODS_ROOT}/Manifest.lock",
			);
			name = "[CP] Check Pods Manifest.lock";
			outputFileListPaths = (
			);
			outputPaths = (
				"$(DERIVED_FILE_DIR)/Pods-Landmarks-LandmarksUITests-checkManifestLockResult.txt",
			);
			runOnlyForDeploymentPostprocessing = 0;
			shellPath = /bin/sh;
			shellScript = "diff \"${PODS_PODFILE_DIR_PATH}/Podfile.lock\" \"${PODS_ROOT}/Manifest.lock\" > /dev/null\nif [ $? != 0 ] ; then\n    # print error to STDERR\n    echo \"error: The sandbox is not in sync with the Podfile.lock. Run 'pod install' or update your CocoaPods installation.\" >&2\n    exit 1\nfi\n# This output is used by Xcode 'outputs' to avoid re-running this script phase.\necho \"SUCCESS\" > \"${SCRIPT_OUTPUT_FILE_0}\"\n";
			showEnvVarsInLog = 0;
		};
		AC2F1FC3637138DB8B7E320D /* [CP] Embed Pods Frameworks */ = {
			isa = PBXShellScriptBuildPhase;
			buildActionMask = 2147483647;
			files = (
			);
			inputFileListPaths = (
				"${PODS_ROOT}/Target Support Files/Pods-Landmarks-LandmarksUITests/Pods-Landmarks-LandmarksUITests-frameworks-${CONFIGURATION}-input-files.xcfilelist",
			);
			name = "[CP] Embed Pods Frameworks";
			outputFileListPaths = (
				"${PODS_ROOT}/Target Support Files/Pods-Landmarks-LandmarksUITests/Pods-Landmarks-LandmarksUITests-frameworks-${CONFIGURATION}-output-files.xcfilelist",
			);
			runOnlyForDeploymentPostprocessing = 0;
			shellPath = /bin/sh;
			shellScript = "\"${PODS_ROOT}/Target Support Files/Pods-Landmarks-LandmarksUITests/Pods-Landmarks-LandmarksUITests-frameworks.sh\"\n";
			showEnvVarsInLog = 0;
		};
		E05DA9A5ECB48D01AC741C6D /* [CP] Check Pods Manifest.lock */ = {
			isa = PBXShellScriptBuildPhase;
			buildActionMask = 2147483647;
			files = (
			);
			inputFileListPaths = (
			);
			inputPaths = (
				"${PODS_PODFILE_DIR_PATH}/Podfile.lock",
				"${PODS_ROOT}/Manifest.lock",
			);
			name = "[CP] Check Pods Manifest.lock";
			outputFileListPaths = (
			);
			outputPaths = (
				"$(DERIVED_FILE_DIR)/Pods-LandmarksTests-checkManifestLockResult.txt",
			);
			runOnlyForDeploymentPostprocessing = 0;
			shellPath = /bin/sh;
			shellScript = "diff \"${PODS_PODFILE_DIR_PATH}/Podfile.lock\" \"${PODS_ROOT}/Manifest.lock\" > /dev/null\nif [ $? != 0 ] ; then\n    # print error to STDERR\n    echo \"error: The sandbox is not in sync with the Podfile.lock. Run 'pod install' or update your CocoaPods installation.\" >&2\n    exit 1\nfi\n# This output is used by Xcode 'outputs' to avoid re-running this script phase.\necho \"SUCCESS\" > \"${SCRIPT_OUTPUT_FILE_0}\"\n";
			showEnvVarsInLog = 0;
		};
/* End PBXShellScriptBuildPhase section */

/* Begin PBXSourcesBuildPhase section */
		A18CDA3028276CE4009F203E /* Sources */ = {
			isa = PBXSourcesBuildPhase;
			buildActionMask = 2147483647;
			files = (
				A18CDA3A28276CE4009F203E /* ContentView.swift in Sources */,
				A152319B282B4DF200A31645 /* Property.swift in Sources */,
				A11EE468282CBF6300D3CBA1 /* Log.swift in Sources */,
				A18CDA3828276CE4009F203E /* LandmarksApp.swift in Sources */,
				A15231A5282B7CBE00A31645 /* PropertyRow.swift in Sources */,
				A15231A4282B7CBE00A31645 /* PropertyList.swift in Sources */,
				A11EE46A282D52E000D3CBA1 /* PurpleButton.swift in Sources */,
				A18CDA6228279939009F203E /* CircleImage.swift in Sources */,
				A12D061B2828752600C4B011 /* LottieView.swift in Sources */,
				A15231A3282B7CBE00A31645 /* PropertyDetail.swift in Sources */,
				A18CDA6A2827E0C2009F203E /* ModelData.swift in Sources */,
			);
			runOnlyForDeploymentPostprocessing = 0;
		};
		A18CDA4028276CE6009F203E /* Sources */ = {
			isa = PBXSourcesBuildPhase;
			buildActionMask = 2147483647;
			files = (
				A18CDA4928276CE6009F203E /* LandmarksTests.swift in Sources */,
			);
			runOnlyForDeploymentPostprocessing = 0;
		};
		A18CDA4A28276CE6009F203E /* Sources */ = {
			isa = PBXSourcesBuildPhase;
			buildActionMask = 2147483647;
			files = (
				A18CDA5528276CE6009F203E /* LandmarksUITestsLaunchTests.swift in Sources */,
				A18CDA5328276CE6009F203E /* LandmarksUITests.swift in Sources */,
			);
			runOnlyForDeploymentPostprocessing = 0;
		};
/* End PBXSourcesBuildPhase section */

/* Begin PBXTargetDependency section */
		A18CDA4628276CE6009F203E /* PBXTargetDependency */ = {
			isa = PBXTargetDependency;
			target = A18CDA3328276CE4009F203E /* Landmarks */;
			targetProxy = A18CDA4528276CE6009F203E /* PBXContainerItemProxy */;
		};
		A18CDA5028276CE6009F203E /* PBXTargetDependency */ = {
			isa = PBXTargetDependency;
			target = A18CDA3328276CE4009F203E /* Landmarks */;
			targetProxy = A18CDA4F28276CE6009F203E /* PBXContainerItemProxy */;
		};
/* End PBXTargetDependency section */

/* Begin XCBuildConfiguration section */
		A18CDA5628276CE6009F203E /* Debug */ = {
			isa = XCBuildConfiguration;
			buildSettings = {
				ALWAYS_SEARCH_USER_PATHS = NO;
				CLANG_ANALYZER_NONNULL = YES;
				CLANG_ANALYZER_NUMBER_OBJECT_CONVERSION = YES_AGGRESSIVE;
				CLANG_CXX_LANGUAGE_STANDARD = "gnu++17";
				CLANG_ENABLE_MODULES = YES;
				CLANG_ENABLE_OBJC_ARC = YES;
				CLANG_ENABLE_OBJC_WEAK = YES;
				CLANG_WARN_BLOCK_CAPTURE_AUTORELEASING = YES;
				CLANG_WARN_BOOL_CONVERSION = YES;
				CLANG_WARN_COMMA = YES;
				CLANG_WARN_CONSTANT_CONVERSION = YES;
				CLANG_WARN_DEPRECATED_OBJC_IMPLEMENTATIONS = YES;
				CLANG_WARN_DIRECT_OBJC_ISA_USAGE = YES_ERROR;
				CLANG_WARN_DOCUMENTATION_COMMENTS = YES;
				CLANG_WARN_EMPTY_BODY = YES;
				CLANG_WARN_ENUM_CONVERSION = YES;
				CLANG_WARN_INFINITE_RECURSION = YES;
				CLANG_WARN_INT_CONVERSION = YES;
				CLANG_WARN_NON_LITERAL_NULL_CONVERSION = YES;
				CLANG_WARN_OBJC_IMPLICIT_RETAIN_SELF = YES;
				CLANG_WARN_OBJC_LITERAL_CONVERSION = YES;
				CLANG_WARN_OBJC_ROOT_CLASS = YES_ERROR;
				CLANG_WARN_QUOTED_INCLUDE_IN_FRAMEWORK_HEADER = YES;
				CLANG_WARN_RANGE_LOOP_ANALYSIS = YES;
				CLANG_WARN_STRICT_PROTOTYPES = YES;
				CLANG_WARN_SUSPICIOUS_MOVE = YES;
				CLANG_WARN_UNGUARDED_AVAILABILITY = YES_AGGRESSIVE;
				CLANG_WARN_UNREACHABLE_CODE = YES;
				CLANG_WARN__DUPLICATE_METHOD_MATCH = YES;
				CODE_SIGN_IDENTITY = "iPhone Developer";
				COPY_PHASE_STRIP = NO;
				DEBUG_INFORMATION_FORMAT = dwarf;
				DEVELOPMENT_TEAM = M5JCJ8ZGPN;
				ENABLE_STRICT_OBJC_MSGSEND = YES;
				ENABLE_TESTABILITY = YES;
				GCC_C_LANGUAGE_STANDARD = gnu11;
				GCC_DYNAMIC_NO_PIC = NO;
				GCC_NO_COMMON_BLOCKS = YES;
				GCC_OPTIMIZATION_LEVEL = 0;
				GCC_PREPROCESSOR_DEFINITIONS = (
					"DEBUG=1",
					"$(inherited)",
				);
				GCC_WARN_64_TO_32_BIT_CONVERSION = YES;
				GCC_WARN_ABOUT_RETURN_TYPE = YES_ERROR;
				GCC_WARN_UNDECLARED_SELECTOR = YES;
				GCC_WARN_UNINITIALIZED_AUTOS = YES_AGGRESSIVE;
				GCC_WARN_UNUSED_FUNCTION = YES;
				GCC_WARN_UNUSED_VARIABLE = YES;
				IPHONEOS_DEPLOYMENT_TARGET = 15.4;
				MTL_ENABLE_DEBUG_INFO = INCLUDE_SOURCE;
				MTL_FAST_MATH = YES;
				ONLY_ACTIVE_ARCH = YES;
				SDKROOT = iphoneos;
				SWIFT_ACTIVE_COMPILATION_CONDITIONS = DEBUG;
				SWIFT_OPTIMIZATION_LEVEL = "-Onone";
			};
			name = Debug;
		};
		A18CDA5728276CE6009F203E /* Release */ = {
			isa = XCBuildConfiguration;
			buildSettings = {
				ALWAYS_SEARCH_USER_PATHS = NO;
				CLANG_ANALYZER_NONNULL = YES;
				CLANG_ANALYZER_NUMBER_OBJECT_CONVERSION = YES_AGGRESSIVE;
				CLANG_CXX_LANGUAGE_STANDARD = "gnu++17";
				CLANG_ENABLE_MODULES = YES;
				CLANG_ENABLE_OBJC_ARC = YES;
				CLANG_ENABLE_OBJC_WEAK = YES;
				CLANG_WARN_BLOCK_CAPTURE_AUTORELEASING = YES;
				CLANG_WARN_BOOL_CONVERSION = YES;
				CLANG_WARN_COMMA = YES;
				CLANG_WARN_CONSTANT_CONVERSION = YES;
				CLANG_WARN_DEPRECATED_OBJC_IMPLEMENTATIONS = YES;
				CLANG_WARN_DIRECT_OBJC_ISA_USAGE = YES_ERROR;
				CLANG_WARN_DOCUMENTATION_COMMENTS = YES;
				CLANG_WARN_EMPTY_BODY = YES;
				CLANG_WARN_ENUM_CONVERSION = YES;
				CLANG_WARN_INFINITE_RECURSION = YES;
				CLANG_WARN_INT_CONVERSION = YES;
				CLANG_WARN_NON_LITERAL_NULL_CONVERSION = YES;
				CLANG_WARN_OBJC_IMPLICIT_RETAIN_SELF = YES;
				CLANG_WARN_OBJC_LITERAL_CONVERSION = YES;
				CLANG_WARN_OBJC_ROOT_CLASS = YES_ERROR;
				CLANG_WARN_QUOTED_INCLUDE_IN_FRAMEWORK_HEADER = YES;
				CLANG_WARN_RANGE_LOOP_ANALYSIS = YES;
				CLANG_WARN_STRICT_PROTOTYPES = YES;
				CLANG_WARN_SUSPICIOUS_MOVE = YES;
				CLANG_WARN_UNGUARDED_AVAILABILITY = YES_AGGRESSIVE;
				CLANG_WARN_UNREACHABLE_CODE = YES;
				CLANG_WARN__DUPLICATE_METHOD_MATCH = YES;
				CODE_SIGN_IDENTITY = "iPhone Developer";
				COPY_PHASE_STRIP = NO;
				DEBUG_INFORMATION_FORMAT = "dwarf-with-dsym";
				DEVELOPMENT_TEAM = M5JCJ8ZGPN;
				ENABLE_NS_ASSERTIONS = NO;
				ENABLE_STRICT_OBJC_MSGSEND = YES;
				GCC_C_LANGUAGE_STANDARD = gnu11;
				GCC_NO_COMMON_BLOCKS = YES;
				GCC_WARN_64_TO_32_BIT_CONVERSION = YES;
				GCC_WARN_ABOUT_RETURN_TYPE = YES_ERROR;
				GCC_WARN_UNDECLARED_SELECTOR = YES;
				GCC_WARN_UNINITIALIZED_AUTOS = YES_AGGRESSIVE;
				GCC_WARN_UNUSED_FUNCTION = YES;
				GCC_WARN_UNUSED_VARIABLE = YES;
				IPHONEOS_DEPLOYMENT_TARGET = 15.4;
				MTL_ENABLE_DEBUG_INFO = NO;
				MTL_FAST_MATH = YES;
				SDKROOT = iphoneos;
				SWIFT_COMPILATION_MODE = wholemodule;
				SWIFT_OPTIMIZATION_LEVEL = "-O";
				VALIDATE_PRODUCT = YES;
			};
			name = Release;
		};
		A18CDA5928276CE6009F203E /* Debug */ = {
			isa = XCBuildConfiguration;
			baseConfigurationReference = 14280E077B638DC26F6D237B /* Pods-Landmarks.debug.xcconfig */;
			buildSettings = {
				ASSETCATALOG_COMPILER_APPICON_NAME = AppIcon;
				ASSETCATALOG_COMPILER_GLOBAL_ACCENT_COLOR_NAME = AccentColor;
				CODE_SIGN_ENTITLEMENTS = Landmarks/Landmarks.entitlements;
				CODE_SIGN_STYLE = Automatic;
				CURRENT_PROJECT_VERSION = 1;
				DEVELOPMENT_ASSET_PATHS = "\"Landmarks/Preview Content\"";
				DEVELOPMENT_TEAM = 223AV33373;
				ENABLE_PREVIEWS = YES;
				GENERATE_INFOPLIST_FILE = YES;
				INFOPLIST_KEY_UIApplicationSceneManifest_Generation = YES;
				INFOPLIST_KEY_UIApplicationSupportsIndirectInputEvents = YES;
				INFOPLIST_KEY_UILaunchScreen_Generation = YES;
				INFOPLIST_KEY_UISupportedInterfaceOrientations_iPad = "UIInterfaceOrientationPortrait UIInterfaceOrientationPortraitUpsideDown UIInterfaceOrientationLandscapeLeft UIInterfaceOrientationLandscapeRight";
				INFOPLIST_KEY_UISupportedInterfaceOrientations_iPhone = "UIInterfaceOrientationPortrait UIInterfaceOrientationLandscapeLeft UIInterfaceOrientationLandscapeRight";
				LD_RUNPATH_SEARCH_PATHS = (
					"$(inherited)",
					"@executable_path/Frameworks",
				);
				MARKETING_VERSION = 1.0;
				PRODUCT_BUNDLE_IDENTIFIER = com.brainerd.notToast;
				PRODUCT_NAME = "$(TARGET_NAME)";
				SWIFT_EMIT_LOC_STRINGS = YES;
				SWIFT_VERSION = 5.0;
				TARGETED_DEVICE_FAMILY = "1,2";
			};
			name = Debug;
		};
		A18CDA5A28276CE6009F203E /* Release */ = {
			isa = XCBuildConfiguration;
			baseConfigurationReference = EEE6DCE20213434E4729C61B /* Pods-Landmarks.release.xcconfig */;
			buildSettings = {
				ASSETCATALOG_COMPILER_APPICON_NAME = AppIcon;
				ASSETCATALOG_COMPILER_GLOBAL_ACCENT_COLOR_NAME = AccentColor;
				CODE_SIGN_ENTITLEMENTS = Landmarks/Landmarks.entitlements;
				CODE_SIGN_STYLE = Automatic;
				CURRENT_PROJECT_VERSION = 1;
				DEVELOPMENT_ASSET_PATHS = "\"Landmarks/Preview Content\"";
				DEVELOPMENT_TEAM = 223AV33373;
				ENABLE_PREVIEWS = YES;
				GENERATE_INFOPLIST_FILE = YES;
				INFOPLIST_KEY_UIApplicationSceneManifest_Generation = YES;
				INFOPLIST_KEY_UIApplicationSupportsIndirectInputEvents = YES;
				INFOPLIST_KEY_UILaunchScreen_Generation = YES;
				INFOPLIST_KEY_UISupportedInterfaceOrientations_iPad = "UIInterfaceOrientationPortrait UIInterfaceOrientationPortraitUpsideDown UIInterfaceOrientationLandscapeLeft UIInterfaceOrientationLandscapeRight";
				INFOPLIST_KEY_UISupportedInterfaceOrientations_iPhone = "UIInterfaceOrientationPortrait UIInterfaceOrientationLandscapeLeft UIInterfaceOrientationLandscapeRight";
				LD_RUNPATH_SEARCH_PATHS = (
					"$(inherited)",
					"@executable_path/Frameworks",
				);
				MARKETING_VERSION = 1.0;
				PRODUCT_BUNDLE_IDENTIFIER = com.brainerd.notToast;
				PRODUCT_NAME = "$(TARGET_NAME)";
				SWIFT_EMIT_LOC_STRINGS = YES;
				SWIFT_VERSION = 5.0;
				TARGETED_DEVICE_FAMILY = "1,2";
			};
			name = Release;
		};
		A18CDA5C28276CE6009F203E /* Debug */ = {
			isa = XCBuildConfiguration;
			baseConfigurationReference = 84342A31A7F02D8BBDBEF5AF /* Pods-LandmarksTests.debug.xcconfig */;
			buildSettings = {
				ALWAYS_EMBED_SWIFT_STANDARD_LIBRARIES = YES;
				BUNDLE_LOADER = "$(TEST_HOST)";
				CODE_SIGN_STYLE = Automatic;
				CURRENT_PROJECT_VERSION = 1;
				GENERATE_INFOPLIST_FILE = YES;
				IPHONEOS_DEPLOYMENT_TARGET = 15.4;
				MARKETING_VERSION = 1.0;
				PRODUCT_BUNDLE_IDENTIFIER = brainerd.LandmarksTests;
				PRODUCT_NAME = "$(TARGET_NAME)";
				SWIFT_EMIT_LOC_STRINGS = NO;
				SWIFT_VERSION = 5.0;
				TARGETED_DEVICE_FAMILY = "1,2";
				TEST_HOST = "$(BUILT_PRODUCTS_DIR)/Landmarks.app/Landmarks";
			};
			name = Debug;
		};
		A18CDA5D28276CE6009F203E /* Release */ = {
			isa = XCBuildConfiguration;
			baseConfigurationReference = D3D966BB07E854DDB897B781 /* Pods-LandmarksTests.release.xcconfig */;
			buildSettings = {
				ALWAYS_EMBED_SWIFT_STANDARD_LIBRARIES = YES;
				BUNDLE_LOADER = "$(TEST_HOST)";
				CODE_SIGN_STYLE = Automatic;
				CURRENT_PROJECT_VERSION = 1;
				GENERATE_INFOPLIST_FILE = YES;
				IPHONEOS_DEPLOYMENT_TARGET = 15.4;
				MARKETING_VERSION = 1.0;
				PRODUCT_BUNDLE_IDENTIFIER = brainerd.LandmarksTests;
				PRODUCT_NAME = "$(TARGET_NAME)";
				SWIFT_EMIT_LOC_STRINGS = NO;
				SWIFT_VERSION = 5.0;
				TARGETED_DEVICE_FAMILY = "1,2";
				TEST_HOST = "$(BUILT_PRODUCTS_DIR)/Landmarks.app/Landmarks";
			};
			name = Release;
		};
		A18CDA5F28276CE6009F203E /* Debug */ = {
			isa = XCBuildConfiguration;
			baseConfigurationReference = 140FEF09C230BE64E230D651 /* Pods-Landmarks-LandmarksUITests.debug.xcconfig */;
			buildSettings = {
				ALWAYS_EMBED_SWIFT_STANDARD_LIBRARIES = YES;
				CODE_SIGN_STYLE = Automatic;
				CURRENT_PROJECT_VERSION = 1;
				GENERATE_INFOPLIST_FILE = YES;
				MARKETING_VERSION = 1.0;
				PRODUCT_BUNDLE_IDENTIFIER = brainerd.LandmarksUITests;
				PRODUCT_NAME = "$(TARGET_NAME)";
				SWIFT_EMIT_LOC_STRINGS = NO;
				SWIFT_VERSION = 5.0;
				TARGETED_DEVICE_FAMILY = "1,2";
				TEST_TARGET_NAME = Landmarks;
			};
			name = Debug;
		};
		A18CDA6028276CE6009F203E /* Release */ = {
			isa = XCBuildConfiguration;
			baseConfigurationReference = 6FE9E235D3765BB9C6DF3059 /* Pods-Landmarks-LandmarksUITests.release.xcconfig */;
			buildSettings = {
				ALWAYS_EMBED_SWIFT_STANDARD_LIBRARIES = YES;
				CODE_SIGN_STYLE = Automatic;
				CURRENT_PROJECT_VERSION = 1;
				GENERATE_INFOPLIST_FILE = YES;
				MARKETING_VERSION = 1.0;
				PRODUCT_BUNDLE_IDENTIFIER = brainerd.LandmarksUITests;
				PRODUCT_NAME = "$(TARGET_NAME)";
				SWIFT_EMIT_LOC_STRINGS = NO;
				SWIFT_VERSION = 5.0;
				TARGETED_DEVICE_FAMILY = "1,2";
				TEST_TARGET_NAME = Landmarks;
			};
			name = Release;
		};
/* End XCBuildConfiguration section */

/* Begin XCConfigurationList section */
		A18CDA2F28276CE4009F203E /* Build configuration list for PBXProject "Landmarks" */ = {
			isa = XCConfigurationList;
			buildConfigurations = (
				A18CDA5628276CE6009F203E /* Debug */,
				A18CDA5728276CE6009F203E /* Release */,
			);
			defaultConfigurationIsVisible = 0;
			defaultConfigurationName = Release;
		};
		A18CDA5828276CE6009F203E /* Build configuration list for PBXNativeTarget "Landmarks" */ = {
			isa = XCConfigurationList;
			buildConfigurations = (
				A18CDA5928276CE6009F203E /* Debug */,
				A18CDA5A28276CE6009F203E /* Release */,
			);
			defaultConfigurationIsVisible = 0;
			defaultConfigurationName = Release;
		};
		A18CDA5B28276CE6009F203E /* Build configuration list for PBXNativeTarget "LandmarksTests" */ = {
			isa = XCConfigurationList;
			buildConfigurations = (
				A18CDA5C28276CE6009F203E /* Debug */,
				A18CDA5D28276CE6009F203E /* Release */,
			);
			defaultConfigurationIsVisible = 0;
			defaultConfigurationName = Release;
		};
		A18CDA5E28276CE6009F203E /* Build configuration list for PBXNativeTarget "LandmarksUITests" */ = {
			isa = XCConfigurationList;
			buildConfigurations = (
				A18CDA5F28276CE6009F203E /* Debug */,
				A18CDA6028276CE6009F203E /* Release */,
			);
			defaultConfigurationIsVisible = 0;
			defaultConfigurationName = Release;
		};
/* End XCConfigurationList section */

/* Begin XCRemoteSwiftPackageReference section */
		A12D06152828744000C4B011 /* XCRemoteSwiftPackageReference "lottie-ios" */ = {
			isa = XCRemoteSwiftPackageReference;
			repositoryURL = "https://github.com/airbnb/lottie-ios";
			requirement = {
				kind = upToNextMajorVersion;
				minimumVersion = 3.0.0;
			};
		};
/* End XCRemoteSwiftPackageReference section */

/* Begin XCSwiftPackageProductDependency section */
		A12D06162828744000C4B011 /* Lottie */ = {
			isa = XCSwiftPackageProductDependency;
			package = A12D06152828744000C4B011 /* XCRemoteSwiftPackageReference "lottie-ios" */;
			productName = Lottie;
		};
/* End XCSwiftPackageProductDependency section */
	};
	rootObject = A18CDA2C28276CE4009F203E /* Project object */;
}
